speakeasyVersion: 1.533.0
sources:
    my-source:
        sourceNamespace: my-source
        sourceRevisionDigest: sha256:765521fce1809b613553550631b4e0bf5bb9600cf2631d9ac049b9500cc335a3
        sourceBlobDigest: sha256:546d0e4a79d0a7933aacbf9be1317a74a618d01b6caf25ae348d5e882424a8b3
        tags:
            - latest
            - speakeasy-sdk-regen-1749601179
            - "1.0"
targets:
    ruby-target:
        source: my-source
        sourceNamespace: my-source
        sourceRevisionDigest: sha256:765521fce1809b613553550631b4e0bf5bb9600cf2631d9ac049b9500cc335a3
        sourceBlobDigest: sha256:546d0e4a79d0a7933aacbf9be1317a74a618d01b6caf25ae348d5e882424a8b3
        codeSamplesNamespace: my-source-ruby-code-samples
        codeSamplesRevisionDigest: sha256:ef276d8d5c5b341dba58068eb4289e2c0148427682373834392113cfaff5cda8
workflow:
    workflowVersion: 1.0.0
    speakeasyVersion: latest
    sources:
        my-source:
            inputs:
                - location: https://api.unified.to/openapi.json
                  authSecret: $openapi_doc_auth_token
            registry:
                location: registry.speakeasyapi.dev/unified/unified/my-source
    targets:
        ruby-target:
            target: ruby
            source: my-source
            codeSamples:
                registry:
                    location: registry.speakeasyapi.dev/unified/unified/my-source-ruby-code-samples
                blocking: false
