speakeasyVersion: 1.605.0
sources:
    my-source:
        sourceNamespace: my-source
        sourceRevisionDigest: sha256:62ab60bc453f9785e5cb461913a1bb277a8a3457cced25e1ef468923f90685f6
        sourceBlobDigest: sha256:1c14a6be288dac2c4f4f9137c15897ff4c29664c52157c925b652fc919c88512
        tags:
            - latest
            - speakeasy-sdk-regen-1784680439
            - "1.0"
targets:
    ruby-target:
        source: my-source
        sourceNamespace: my-source
        sourceRevisionDigest: sha256:62ab60bc453f9785e5cb461913a1bb277a8a3457cced25e1ef468923f90685f6
        sourceBlobDigest: sha256:1c14a6be288dac2c4f4f9137c15897ff4c29664c52157c925b652fc919c88512
        codeSamplesNamespace: my-source-ruby-code-samples
        codeSamplesRevisionDigest: sha256:efeb2d7f550477ffe91f353c82f42622633438833ba9fd1718d63f77e0dcded2
workflow:
    workflowVersion: 1.0.0
    speakeasyVersion: latest
    sources:
        my-source:
            inputs:
                - location: https://api.unified.to/openapi.json
            registry:
                location: registry.speakeasyapi.dev/unified/unified/my-source
    targets:
        ruby-target:
            target: ruby
            source: my-source
            codeSamples:
                registry:
                    location: registry.speakeasyapi.dev/unified/unified/my-source-ruby-code-samples
                blocking: false
