speakeasyVersion: 1.533.0
sources:
    my-source:
        sourceNamespace: my-source
        sourceRevisionDigest: sha256:12dd62cc70656aa0a5665beaa56f8c66f8d290e3c87d22ae34eceda46c6bd9ed
        sourceBlobDigest: sha256:fd8b36eedaf9eb0151aac31146dfcf2e02b2d303852aeaae58409f3655a22f6e
        tags:
            - latest
            - speakeasy-sdk-regen-1747354758
            - "1.0"
targets:
    ruby-target:
        source: my-source
        sourceNamespace: my-source
        sourceRevisionDigest: sha256:12dd62cc70656aa0a5665beaa56f8c66f8d290e3c87d22ae34eceda46c6bd9ed
        sourceBlobDigest: sha256:fd8b36eedaf9eb0151aac31146dfcf2e02b2d303852aeaae58409f3655a22f6e
        codeSamplesNamespace: my-source-ruby-code-samples
        codeSamplesRevisionDigest: sha256:d9f80543bd2dff7d6def01d3fd230c1c70bcd5e96caa1998fd6970a289533861
workflow:
    workflowVersion: 1.0.0
    speakeasyVersion: latest
    sources:
        my-source:
            inputs:
                - location: https://api.unified.to/openapi.json
                  authSecret: $openapi_doc_auth_token
            registry:
                location: registry.speakeasyapi.dev/unified/unified/my-source
    targets:
        ruby-target:
            target: ruby
            source: my-source
            codeSamples:
                registry:
                    location: registry.speakeasyapi.dev/unified/unified/my-source-ruby-code-samples
                blocking: false
